
Microsoft Visual Studio Solution File, Format Version 12.00
# Visual Studio Version 17
VisualStudioVersion = 17.1.32228.430
MinimumVisualStudioVersion = 10.0.40219.1
Project("{FAE04EC0-301F-11D3-BF4B-00C04F79EFBC}") = "E_Library", "E_Library\E_Library.csproj", "{B7E5D0E1-FA49-4762-BC7E-E7A6CB5EF78F}"
EndProject
Global
	GlobalSection(SolutionConfigurationPlatforms) = preSolution
		Debug|Any CPU = Debug|Any CPU
		Release|Any CPU = Release|Any CPU
	EndGlobalSection
	GlobalSection(ProjectConfigurationPlatforms) = postSolution
		{B7E5D0E1-FA49-4762-BC7E-E7A6CB5EF78F}.Debug|Any CPU.ActiveCfg = Debug|Any CPU
		{B7E5D0E1-FA49-4762-BC7E-E7A6CB5EF78F}.Debug|Any CPU.Build.0 = Debug|Any CPU
		{B7E5D0E1-FA49-4762-BC7E-E7A6CB5EF78F}.Release|Any CPU.ActiveCfg = Release|Any CPU
		{B7E5D0E1-FA49-4762-BC7E-E7A6CB5EF78F}.Release|Any CPU.Build.0 = Release|Any CPU
	EndGlobalSection
	GlobalSection(SolutionProperties) = preSolution
		HideSolutionNode = FALSE
	EndGlobalSection
	GlobalSection(ExtensibilityGlobals) = postSolution
		SolutionGuid = {263BFFF0-0858-4AB6-BF28-6089CE71C6B4}
	EndGlobalSection
EndGlobal
